{
  "name": "@emonridwa/adf-id",
  "version": "1.0.0",
  "lockfileVersion": 3,
  "requires": true,
  "packages": {
    "": {
      "name": "@emonridwa/adf-id",
      "version": "1.0.0",
      "license": "ISC",
      "dependencies": {
        "adf-id": "^1.0.0"
      },
      "devDependencies": {}
    },
    "node_modules/adf-id": {
      "version": "1.0.0",
      "resolved": "https://registry.npmjs.org/adf-id/-/adf-id-1.0.0.tgz",
      "integrity": "sha512-ZpdoAzYFKjC+mLC6wTtoVOfnrbcHA6N5h5hFDAHZcoFHvlgEZkuda7f+Q188SoWVAEoTmU23dI3fZfQJ55VxYQ=="
    }
  }
}
